PODS:
  - AmazonIVSPlayer (1.19.0)
  - DKImagePickerController/Core (4.3.4):
    - DKImagePickerController/ImageDataManager
    - DKImagePickerController/Resource
  - DKImagePickerController/ImageDataManager (4.3.4)
  - DKImagePickerController/PhotoGallery (4.3.4):
    - DKImagePickerController/Core
    - DKPhotoGallery
  - DKImagePickerController/Resource (4.3.4)
  - DKPhotoGallery (0.0.17):
    - DKPhotoGallery/Core (= 0.0.17)
    - DKPhotoGallery/Model (= 0.0.17)
    - DKPhotoGallery/Preview (= 0.0.17)
    - DKPhotoGallery/Resource (= 0.0.17)
    - SDWebImage
    - SwiftyGif
  - DKPhotoGallery/Core (0.0.17):
    - DKPhotoGallery/Model
    - DKPhotoGallery/Preview
    - SDWebImage
    - SwiftyGif
  - DKPhotoGallery/Model (0.0.17):
    - SDWebImage
    - SwiftyGif
  - DKPhotoGallery/Preview (0.0.17):
    - DKPhotoGallery/Model
    - DKPhotoGallery/Resource
    - SDWebImage
    - SwiftyGif
  - DKPhotoGallery/Resource (0.0.17):
    - SDWebImage
    - SwiftyGif
  - dyte_core_ios (0.0.1):
    - AmazonIVSPlayer (~> 1.19.0)
    - DyteiOSCore (= 0.8.4)
    - Flutter
  - DyteiOSCore (0.8.4):
    - DyteiOSSocketIO (~> 0.1.6)
    - JitsiWebRTC (~> 106.0.0)
  - DyteiOSSocketIO (0.1.6):
    - DyteStarscream (~> 0.0.3)
  - DyteStarscream (0.0.3)
  - file_picker (0.0.1):
    - DKImagePickerController/PhotoGallery
    - Flutter
  - Flutter (1.0.0)
  - JitsiWebRTC (106.0.0)
  - SDWebImage (5.18.2):
    - SDWebImage/Core (= 5.18.2)
  - SDWebImage/Core (5.18.2)
  - SwiftyGif (5.4.4)

DEPENDENCIES:
  - dyte_core_ios (from `.symlinks/plugins/dyte_core_ios/ios`)
  - file_picker (from `.symlinks/plugins/file_picker/ios`)
  - Flutter (from `Flutter`)

SPEC REPOS:
  trunk:
    - AmazonIVSPlayer
    - DKImagePickerController
    - DKPhotoGallery
    - DyteiOSCore
    - DyteiOSSocketIO
    - DyteStarscream
    - JitsiWebRTC
    - SDWebImage
    - SwiftyGif

EXTERNAL SOURCES:
  dyte_core_ios:
    :path: ".symlinks/plugins/dyte_core_ios/ios"
  file_picker:
    :path: ".symlinks/plugins/file_picker/ios"
  Flutter:
    :path: Flutter

SPEC CHECKSUMS:
  AmazonIVSPlayer: b9498771b74cd05e93c67dd3844bb4e2c453f2aa
  DKImagePickerController: b512c28220a2b8ac7419f21c491fc8534b7601ac
  DKPhotoGallery: fdfad5125a9fdda9cc57df834d49df790dbb4179
  dyte_core_ios: a4b4b19ebc1810cf21e6307dda1e0f4e0fa5cb17
  DyteiOSCore: e2bd63b338a1ac7c1718ace29dd3b12657d59161
  DyteiOSSocketIO: e1cd26f46951a4d80a04e2297f3f6dd2e34304bd
  DyteStarscream: a923d070fab3f16334aed0ff8a1788446753f62a
  file_picker: ce3938a0df3cc1ef404671531facef740d03f920
  Flutter: f04841e97a9d0b0a8025694d0796dd46242b2854
  JitsiWebRTC: f441eb0e2d67f0588bf24e21c5162e97342714fb
  SDWebImage: c0de394d7cf7f9838aed1fd6bb6037654a4572e4
  SwiftyGif: 93a1cc87bf3a51916001cf8f3d63835fb64c819f

PODFILE CHECKSUM: cc1f88378b4bfcf93a6ce00d2c587857c6008d3b

COCOAPODS: 1.12.1
